
Microsoft Visual Studio Solution File, Format Version 12.00
# Visual Studio 15
VisualStudioVersion = 15.0.28307.902
MinimumVisualStudioVersion = 10.0.40219.1
Project("{9A19103F-16F7-4668-BE54-9A1E7A4F7556}") = "SagaBroker", "SagaBroker\SagaBroker.csproj", "{B5570D11-996A-47F8-9298-14E579A038EE}"
EndProject
Project("{FAE04EC0-301F-11D3-BF4B-00C04F79EFBC}") = "SagaProxy", "..\SagaProxy\SagaProxy.csproj", "{90663E4D-5F16-488A-BE8B-A21E532C0735}"
EndProject
Global
	GlobalSection(SolutionConfigurationPlatforms) = preSolution
		Debug|Any CPU = Debug|Any CPU
		Release|Any CPU = Release|Any CPU
	EndGlobalSection
	GlobalSection(ProjectConfigurationPlatforms) = postSolution
		{B5570D11-996A-47F8-9298-14E579A038EE}.Debug|Any CPU.ActiveCfg = Debug|Any CPU
		{B5570D11-996A-47F8-9298-14E579A038EE}.Debug|Any CPU.Build.0 = Debug|Any CPU
		{B5570D11-996A-47F8-9298-14E579A038EE}.Release|Any CPU.ActiveCfg = Release|Any CPU
		{B5570D11-996A-47F8-9298-14E579A038EE}.Release|Any CPU.Build.0 = Release|Any CPU
		{90663E4D-5F16-488A-BE8B-A21E532C0735}.Debug|Any CPU.ActiveCfg = Debug|Any CPU
		{90663E4D-5F16-488A-BE8B-A21E532C0735}.Debug|Any CPU.Build.0 = Debug|Any CPU
		{90663E4D-5F16-488A-BE8B-A21E532C0735}.Release|Any CPU.ActiveCfg = Release|Any CPU
		{90663E4D-5F16-488A-BE8B-A21E532C0735}.Release|Any CPU.Build.0 = Release|Any CPU
	EndGlobalSection
	GlobalSection(SolutionProperties) = preSolution
		HideSolutionNode = FALSE
	EndGlobalSection
	GlobalSection(ExtensibilityGlobals) = postSolution
		SolutionGuid = {49A63514-A205-4E4A-AED8-DD8462E97282}
	EndGlobalSection
EndGlobal
